
Microsoft Visual Studio Solution File, Format Version 12.00
# Visual Studio 2013
VisualStudioVersion = 12.0.30501.0
MinimumVisualStudioVersion = 10.0.40219.1
Project("{FAE04EC0-301F-11D3-BF4B-00C04F79EFBC}") = "GPFserver", "GPFserver\GPFserver.csproj", "{C886F759-6447-44E6-BD53-1A98962B0522}"
EndProject
Project("{FAE04EC0-301F-11D3-BF4B-00C04F79EFBC}") = "Entity", "Entity\Entity.csproj", "{3ECD538D-3450-42C8-99C7-9132132415A3}"
EndProject
Project("{FAE04EC0-301F-11D3-BF4B-00C04F79EFBC}") = "GPFsvform", "GPFsvform\GPFsvform.csproj", "{09D60C7F-ECFA-4317-B169-0ECDE6B7CE90}"
EndProject
Project("{FAE04EC0-301F-11D3-BF4B-00C04F79EFBC}") = "GameplatformDAl", "GameplatformDAl\GameplatformDAl.csproj", "{1A55E935-65CA-44E3-A8F8-D35D7BF2856B}"
EndProject
Global
	GlobalSection(SolutionConfigurationPlatforms) = preSolution
		Debug|Any CPU = Debug|Any CPU
		Release|Any CPU = Release|Any CPU
	EndGlobalSection
	GlobalSection(ProjectConfigurationPlatforms) = postSolution
		{C886F759-6447-44E6-BD53-1A98962B0522}.Debug|Any CPU.ActiveCfg = Debug|Any CPU
		{C886F759-6447-44E6-BD53-1A98962B0522}.Debug|Any CPU.Build.0 = Debug|Any CPU
		{C886F759-6447-44E6-BD53-1A98962B0522}.Release|Any CPU.ActiveCfg = Release|Any CPU
		{C886F759-6447-44E6-BD53-1A98962B0522}.Release|Any CPU.Build.0 = Release|Any CPU
		{3ECD538D-3450-42C8-99C7-9132132415A3}.Debug|Any CPU.ActiveCfg = Debug|Any CPU
		{3ECD538D-3450-42C8-99C7-9132132415A3}.Debug|Any CPU.Build.0 = Debug|Any CPU
		{3ECD538D-3450-42C8-99C7-9132132415A3}.Release|Any CPU.ActiveCfg = Release|Any CPU
		{3ECD538D-3450-42C8-99C7-9132132415A3}.Release|Any CPU.Build.0 = Release|Any CPU
		{09D60C7F-ECFA-4317-B169-0ECDE6B7CE90}.Debug|Any CPU.ActiveCfg = Debug|Any CPU
		{09D60C7F-ECFA-4317-B169-0ECDE6B7CE90}.Debug|Any CPU.Build.0 = Debug|Any CPU
		{09D60C7F-ECFA-4317-B169-0ECDE6B7CE90}.Release|Any CPU.ActiveCfg = Release|Any CPU
		{09D60C7F-ECFA-4317-B169-0ECDE6B7CE90}.Release|Any CPU.Build.0 = Release|Any CPU
		{1A55E935-65CA-44E3-A8F8-D35D7BF2856B}.Debug|Any CPU.ActiveCfg = Debug|Any CPU
		{1A55E935-65CA-44E3-A8F8-D35D7BF2856B}.Debug|Any CPU.Build.0 = Debug|Any CPU
		{1A55E935-65CA-44E3-A8F8-D35D7BF2856B}.Release|Any CPU.ActiveCfg = Release|Any CPU
		{1A55E935-65CA-44E3-A8F8-D35D7BF2856B}.Release|Any CPU.Build.0 = Release|Any CPU
	EndGlobalSection
	GlobalSection(SolutionProperties) = preSolution
		HideSolutionNode = FALSE
	EndGlobalSection
EndGlobal
